
Microsoft Visual Studio Solution File, Format Version 12.00
# Visual Studio Version 17
VisualStudioVersion = 17.10.34928.147
MinimumVisualStudioVersion = 10.0.40219.1
Project("{FAE04EC0-301F-11D3-BF4B-00C04F79EFBC}") = "LZStore", "LZStore\LZStore.csproj", "{EF41D0E9-EFB0-4F49-8AC5-C37AAFDCA9B8}"
EndProject
Global
	GlobalSection(SolutionConfigurationPlatforms) = preSolution
		Debug|Any CPU = Debug|Any CPU
		Release|Any CPU = Release|Any CPU
	EndGlobalSection
	GlobalSection(ProjectConfigurationPlatforms) = postSolution
		{EF41D0E9-EFB0-4F49-8AC5-C37AAFDCA9B8}.Debug|Any CPU.ActiveCfg = Debug|Any CPU
		{EF41D0E9-EFB0-4F49-8AC5-C37AAFDCA9B8}.Debug|Any CPU.Build.0 = Debug|Any CPU
		{EF41D0E9-EFB0-4F49-8AC5-C37AAFDCA9B8}.Release|Any CPU.ActiveCfg = Release|Any CPU
		{EF41D0E9-EFB0-4F49-8AC5-C37AAFDCA9B8}.Release|Any CPU.Build.0 = Release|Any CPU
	EndGlobalSection
	GlobalSection(SolutionProperties) = preSolution
		HideSolutionNode = FALSE
	EndGlobalSection
	GlobalSection(ExtensibilityGlobals) = postSolution
		SolutionGuid = {4CFF0919-AF4B-4C4E-BC7A-241C33591AE2}
	EndGlobalSection
EndGlobal
